
Microsoft Visual Studio Solution File, Format Version 12.00
# Visual Studio Version 17
VisualStudioVersion = 17.3.32819.101
MinimumVisualStudioVersion = 10.0.40219.1
Project("{9A19103F-16F7-4668-BE54-9A1E7A4F7556}") = "FormulaEvaluator", "FormulaEvaluator\FormulaEvaluator.csproj", "{9B28C0BE-996C-4D8F-AFF7-A6B9AF2ED0A7}"
EndProject
Project("{9A19103F-16F7-4668-BE54-9A1E7A4F7556}") = "FormulaEvaluatorTester", "FormulaEvaluatorTester\FormulaEvaluatorTester.csproj", "{219190D2-9BD6-4912-89A4-DE5E62EBC210}"
EndProject
Project("{9A19103F-16F7-4668-BE54-9A1E7A4F7556}") = "DependencyGraph", "DependencyGraph\DependencyGraph.csproj", "{A82D7F4A-A0A3-4F1C-BE13-7EE8780C9F69}"
EndProject
Project("{9A19103F-16F7-4668-BE54-9A1E7A4F7556}") = "DependencyGraphTests", "DependencyGraphTests\DependencyGraphTests.csproj", "{7867F011-887B-445F-A285-9BAE3EF1CD8D}"
EndProject
Project("{9A19103F-16F7-4668-BE54-9A1E7A4F7556}") = "Formula", "Formula\Formula.csproj", "{2418A8C2-1B13-499D-AAF7-F00B7897F32A}"
EndProject
Project("{9A19103F-16F7-4668-BE54-9A1E7A4F7556}") = "FormulaTests", "FormulaTests\FormulaTests.csproj", "{E0497EC5-43A9-4207-ADB5-80DFB3EAF74D}"
EndProject
Project("{9A19103F-16F7-4668-BE54-9A1E7A4F7556}") = "Spreadsheet", "Spreadsheet\Spreadsheet.csproj", "{C861251F-CDB8-4804-AAD6-A1292A5EF613}"
EndProject
Project("{9A19103F-16F7-4668-BE54-9A1E7A4F7556}") = "SpreadsheetTests", "SpreadsheetTests\SpreadsheetTests.csproj", "{2C34D14E-C220-4BF7-9902-4A66E8B641A0}"
EndProject
Project("{2150E333-8FDC-42A3-9474-1A3956D46DE8}") = "PS1- FormulaEvaluator", "PS1- FormulaEvaluator", "{EC275DE2-C559-4431-AF68-3FB22B0B1292}"
EndProject
Project("{2150E333-8FDC-42A3-9474-1A3956D46DE8}") = "PS2- DependencyGraph", "PS2- DependencyGraph", "{B56E2507-C1E4-48CE-A64F-46306CD4A432}"
EndProject
Project("{2150E333-8FDC-42A3-9474-1A3956D46DE8}") = "PS3- Formula", "PS3- Formula", "{70803A94-F801-42D9-B134-E1AD0E097AA3}"
EndProject
Project("{2150E333-8FDC-42A3-9474-1A3956D46DE8}") = "PS4- Spreadsheet", "PS4- Spreadsheet", "{059D8877-B8D9-4250-B953-3CB09B515BC1}"
EndProject
Project("{9A19103F-16F7-4668-BE54-9A1E7A4F7556}") = "QuickTests", "QuickTests\QuickTests.csproj", "{B62C10B7-BA08-4128-BE5B-BDB9755C35EF}"
EndProject
Project("{9A19103F-16F7-4668-BE54-9A1E7A4F7556}") = "SpreadsheetGUI", "PS6Skeleton\SpreadsheetGUI.csproj", "{578B9366-7031-4AE1-9B7E-4299135CC293}"
EndProject
Global
	GlobalSection(SolutionConfigurationPlatforms) = preSolution
		Debug|Any CPU = Debug|Any CPU
		Release|Any CPU = Release|Any CPU
	EndGlobalSection
	GlobalSection(ProjectConfigurationPlatforms) = postSolution
		{9B28C0BE-996C-4D8F-AFF7-A6B9AF2ED0A7}.Debug|Any CPU.ActiveCfg = Debug|Any CPU
		{9B28C0BE-996C-4D8F-AFF7-A6B9AF2ED0A7}.Debug|Any CPU.Build.0 = Debug|Any CPU
		{9B28C0BE-996C-4D8F-AFF7-A6B9AF2ED0A7}.Release|Any CPU.ActiveCfg = Release|Any CPU
		{9B28C0BE-996C-4D8F-AFF7-A6B9AF2ED0A7}.Release|Any CPU.Build.0 = Release|Any CPU
		{219190D2-9BD6-4912-89A4-DE5E62EBC210}.Debug|Any CPU.ActiveCfg = Debug|Any CPU
		{219190D2-9BD6-4912-89A4-DE5E62EBC210}.Debug|Any CPU.Build.0 = Debug|Any CPU
		{219190D2-9BD6-4912-89A4-DE5E62EBC210}.Release|Any CPU.ActiveCfg = Release|Any CPU
		{219190D2-9BD6-4912-89A4-DE5E62EBC210}.Release|Any CPU.Build.0 = Release|Any CPU
		{A82D7F4A-A0A3-4F1C-BE13-7EE8780C9F69}.Debug|Any CPU.ActiveCfg = Debug|Any CPU
		{A82D7F4A-A0A3-4F1C-BE13-7EE8780C9F69}.Debug|Any CPU.Build.0 = Debug|Any CPU
		{A82D7F4A-A0A3-4F1C-BE13-7EE8780C9F69}.Release|Any CPU.ActiveCfg = Release|Any CPU
		{A82D7F4A-A0A3-4F1C-BE13-7EE8780C9F69}.Release|Any CPU.Build.0 = Release|Any CPU
		{7867F011-887B-445F-A285-9BAE3EF1CD8D}.Debug|Any CPU.ActiveCfg = Debug|Any CPU
		{7867F011-887B-445F-A285-9BAE3EF1CD8D}.Debug|Any CPU.Build.0 = Debug|Any CPU
		{7867F011-887B-445F-A285-9BAE3EF1CD8D}.Release|Any CPU.ActiveCfg = Release|Any CPU
		{7867F011-887B-445F-A285-9BAE3EF1CD8D}.Release|Any CPU.Build.0 = Release|Any CPU
		{2418A8C2-1B13-499D-AAF7-F00B7897F32A}.Debug|Any CPU.ActiveCfg = Debug|Any CPU
		{2418A8C2-1B13-499D-AAF7-F00B7897F32A}.Debug|Any CPU.Build.0 = Debug|Any CPU
		{2418A8C2-1B13-499D-AAF7-F00B7897F32A}.Release|Any CPU.ActiveCfg = Release|Any CPU
		{2418A8C2-1B13-499D-AAF7-F00B7897F32A}.Release|Any CPU.Build.0 = Release|Any CPU
		{E0497EC5-43A9-4207-ADB5-80DFB3EAF74D}.Debug|Any CPU.ActiveCfg = Debug|Any CPU
		{E0497EC5-43A9-4207-ADB5-80DFB3EAF74D}.Debug|Any CPU.Build.0 = Debug|Any CPU
		{E0497EC5-43A9-4207-ADB5-80DFB3EAF74D}.Release|Any CPU.ActiveCfg = Release|Any CPU
		{E0497EC5-43A9-4207-ADB5-80DFB3EAF74D}.Release|Any CPU.Build.0 = Release|Any CPU
		{C861251F-CDB8-4804-AAD6-A1292A5EF613}.Debug|Any CPU.ActiveCfg = Debug|Any CPU
		{C861251F-CDB8-4804-AAD6-A1292A5EF613}.Debug|Any CPU.Build.0 = Debug|Any CPU
		{C861251F-CDB8-4804-AAD6-A1292A5EF613}.Release|Any CPU.ActiveCfg = Release|Any CPU
		{C861251F-CDB8-4804-AAD6-A1292A5EF613}.Release|Any CPU.Build.0 = Release|Any CPU
		{2C34D14E-C220-4BF7-9902-4A66E8B641A0}.Debug|Any CPU.ActiveCfg = Debug|Any CPU
		{2C34D14E-C220-4BF7-9902-4A66E8B641A0}.Debug|Any CPU.Build.0 = Debug|Any CPU
		{2C34D14E-C220-4BF7-9902-4A66E8B641A0}.Release|Any CPU.ActiveCfg = Release|Any CPU
		{2C34D14E-C220-4BF7-9902-4A66E8B641A0}.Release|Any CPU.Build.0 = Release|Any CPU
		{B62C10B7-BA08-4128-BE5B-BDB9755C35EF}.Debug|Any CPU.ActiveCfg = Debug|Any CPU
		{B62C10B7-BA08-4128-BE5B-BDB9755C35EF}.Debug|Any CPU.Build.0 = Debug|Any CPU
		{B62C10B7-BA08-4128-BE5B-BDB9755C35EF}.Release|Any CPU.ActiveCfg = Release|Any CPU
		{B62C10B7-BA08-4128-BE5B-BDB9755C35EF}.Release|Any CPU.Build.0 = Release|Any CPU
		{578B9366-7031-4AE1-9B7E-4299135CC293}.Debug|Any CPU.ActiveCfg = Debug|Any CPU
		{578B9366-7031-4AE1-9B7E-4299135CC293}.Debug|Any CPU.Build.0 = Debug|Any CPU
		{578B9366-7031-4AE1-9B7E-4299135CC293}.Debug|Any CPU.Deploy.0 = Debug|Any CPU
		{578B9366-7031-4AE1-9B7E-4299135CC293}.Release|Any CPU.ActiveCfg = Release|Any CPU
		{578B9366-7031-4AE1-9B7E-4299135CC293}.Release|Any CPU.Build.0 = Release|Any CPU
	EndGlobalSection
	GlobalSection(SolutionProperties) = preSolution
		HideSolutionNode = FALSE
	EndGlobalSection
	GlobalSection(NestedProjects) = preSolution
		{9B28C0BE-996C-4D8F-AFF7-A6B9AF2ED0A7} = {EC275DE2-C559-4431-AF68-3FB22B0B1292}
		{219190D2-9BD6-4912-89A4-DE5E62EBC210} = {EC275DE2-C559-4431-AF68-3FB22B0B1292}
		{A82D7F4A-A0A3-4F1C-BE13-7EE8780C9F69} = {B56E2507-C1E4-48CE-A64F-46306CD4A432}
		{7867F011-887B-445F-A285-9BAE3EF1CD8D} = {B56E2507-C1E4-48CE-A64F-46306CD4A432}
		{2418A8C2-1B13-499D-AAF7-F00B7897F32A} = {70803A94-F801-42D9-B134-E1AD0E097AA3}
		{E0497EC5-43A9-4207-ADB5-80DFB3EAF74D} = {70803A94-F801-42D9-B134-E1AD0E097AA3}
		{C861251F-CDB8-4804-AAD6-A1292A5EF613} = {059D8877-B8D9-4250-B953-3CB09B515BC1}
		{2C34D14E-C220-4BF7-9902-4A66E8B641A0} = {059D8877-B8D9-4250-B953-3CB09B515BC1}
		{B62C10B7-BA08-4128-BE5B-BDB9755C35EF} = {059D8877-B8D9-4250-B953-3CB09B515BC1}
	EndGlobalSection
	GlobalSection(ExtensibilityGlobals) = postSolution
		SolutionGuid = {F222024D-F50A-4431-B565-7B385E4F60C5}
	EndGlobalSection
EndGlobal
